
Microsoft Visual Studio Solution File, Format Version 12.00
# Visual Studio 15
VisualStudioVersion = 15.0.28307.106
MinimumVisualStudioVersion = 10.0.40219.1
Project("{FAE04EC0-301F-11D3-BF4B-00C04F79EFBC}") = "DragonDiet", "DragonDiet\DragonDiet.csproj", "{35B3A367-73F1-416C-8EDC-249986B2522D}"
EndProject
Global
	GlobalSection(SolutionConfigurationPlatforms) = preSolution
		Debug|Any CPU = Debug|Any CPU
		Release|Any CPU = Release|Any CPU
	EndGlobalSection
	GlobalSection(ProjectConfigurationPlatforms) = postSolution
		{35B3A367-73F1-416C-8EDC-249986B2522D}.Debug|Any CPU.ActiveCfg = Debug|Any CPU
		{35B3A367-73F1-416C-8EDC-249986B2522D}.Debug|Any CPU.Build.0 = Debug|Any CPU
		{35B3A367-73F1-416C-8EDC-249986B2522D}.Release|Any CPU.ActiveCfg = Release|Any CPU
		{35B3A367-73F1-416C-8EDC-249986B2522D}.Release|Any CPU.Build.0 = Release|Any CPU
	EndGlobalSection
	GlobalSection(SolutionProperties) = preSolution
		HideSolutionNode = FALSE
	EndGlobalSection
	GlobalSection(ExtensibilityGlobals) = postSolution
		SolutionGuid = {A027F794-9169-4295-B6C9-6D21B4E1E35C}
	EndGlobalSection
EndGlobal
